// !$*UTF8*$!
{
	archiveVersion = 1;
	classes = {
	};
	objectVersion = 42;
	objects = {

/* Begin PBXBuildFile section */
		D01232310B0A4A6400E3DC56 /* main.cpp in Sources */ = {isa = PBXBuildFile; fileRef = D012322F0B0A4A6400E3DC56 /* main.cpp */; };
		D01232320B0A4A6400E3DC56 /* OldMaterialReader.cpp in Sources */ = {isa = PBXBuildFile; fileRef = D01232300B0A4A6400E3DC56 /* OldMaterialReader.cpp */; };
		D012323A0B0A4A8800E3DC56 /* Ogre.framework in Frameworks */ = {isa = PBXBuildFile; fileRef = D01232390B0A4A8800E3DC56 /* Ogre.framework */; };
		D012323C0B0A4AC100E3DC56 /* OgreMaterialUpgrader in CopyFiles */ = {isa = PBXBuildFile; fileRef = 8DD76F6C0486A84900D96B5E /* OgreMaterialUpgrader */; };
/* End PBXBuildFile section */

/* Begin PBXCopyFilesBuildPhase section */
		8DD76F690486A84900D96B5E /* CopyFiles */ = {
			isa = PBXCopyFilesBuildPhase;
			buildActionMask = 12;
			dstPath = "$(PROJECT_DIR)/../bin";
			dstSubfolderSpec = 0;
			files = (
				D012323C0B0A4AC100E3DC56 /* OgreMaterialUpgrader in CopyFiles */,
			);
			runOnlyForDeploymentPostprocessing = 0;
		};
/* End PBXCopyFilesBuildPhase section */

/* Begin PBXFileReference section */
		8DD76F6C0486A84900D96B5E /* OgreMaterialUpgrader */ = {isa = PBXFileReference; includeInIndex = 0; lastKnownFileType = "compiled.mach-o.executable"; path = OgreMaterialUpgrader; sourceTree = BUILT_PRODUCTS_DIR; };
		D012322F0B0A4A6400E3DC56 /* main.cpp */ = {isa = PBXFileReference; fileEncoding = 30; lastKnownFileType = sourcecode.cpp.cpp; name = main.cpp; path = ../../../Tools/MaterialUpgrader/src/main.cpp; sourceTree = SOURCE_ROOT; };
		D01232300B0A4A6400E3DC56 /* OldMaterialReader.cpp */ = {isa = PBXFileReference; fileEncoding = 30; lastKnownFileType = sourcecode.cpp.cpp; name = OldMaterialReader.cpp; path = ../../../Tools/MaterialUpgrader/src/OldMaterialReader.cpp; sourceTree = SOURCE_ROOT; };
		D01232350B0A4A7C00E3DC56 /* OldMaterialReader.h */ = {isa = PBXFileReference; fileEncoding = 30; lastKnownFileType = sourcecode.c.h; name = OldMaterialReader.h; path = ../../../Tools/MaterialUpgrader/include/OldMaterialReader.h; sourceTree = SOURCE_ROOT; };
		D01232390B0A4A8800E3DC56 /* Ogre.framework */ = {isa = PBXFileReference; lastKnownFileType = wrapper.framework; name = Ogre.framework; path = /Library/Frameworks/Ogre.framework; sourceTree = "<absolute>"; };
/* End PBXFileReference section */

/* Begin PBXFrameworksBuildPhase section */
		8DD76F660486A84900D96B5E /* Frameworks */ = {
			isa = PBXFrameworksBuildPhase;
			buildActionMask = 2147483647;
			files = (
				D012323A0B0A4A8800E3DC56 /* Ogre.framework in Frameworks */,
			);
			runOnlyForDeploymentPostprocessing = 0;
		};
/* End PBXFrameworksBuildPhase section */

/* Begin PBXGroup section */
		08FB7794FE84155DC02AAC07 /* OgreMaterialUpgrader */ = {
			isa = PBXGroup;
			children = (
				D01232340B0A4A6F00E3DC56 /* Include */,
				08FB7795FE84155DC02AAC07 /* Source */,
				D012323B0B0A4A8C00E3DC56 /* Frameworks */,
				C6859E8C029090F304C91782 /* Documentation */,
				1AB674ADFE9D54B511CA2CBB /* Products */,
			);
			name = OgreMaterialUpgrader;
			sourceTree = "<group>";
		};
		08FB7795FE84155DC02AAC07 /* Source */ = {
			isa = PBXGroup;
			children = (
				D012322F0B0A4A6400E3DC56 /* main.cpp */,
				D01232300B0A4A6400E3DC56 /* OldMaterialReader.cpp */,
			);
			name = Source;
			sourceTree = "<group>";
		};
		1AB674ADFE9D54B511CA2CBB /* Products */ = {
			isa = PBXGroup;
			children = (
				8DD76F6C0486A84900D96B5E /* OgreMaterialUpgrader */,
			);
			name = Products;
			sourceTree = "<group>";
		};
		C6859E8C029090F304C91782 /* Documentation */ = {
			isa = PBXGroup;
			children = (
			);
			name = Documentation;
			sourceTree = "<group>";
		};
		D01232340B0A4A6F00E3DC56 /* Include */ = {
			isa = PBXGroup;
			children = (
				D01232350B0A4A7C00E3DC56 /* OldMaterialReader.h */,
			);
			name = Include;
			sourceTree = "<group>";
		};
		D012323B0B0A4A8C00E3DC56 /* Frameworks */ = {
			isa = PBXGroup;
			children = (
				D01232390B0A4A8800E3DC56 /* Ogre.framework */,
			);
			name = Frameworks;
			sourceTree = "<group>";
		};
/* End PBXGroup section */

/* Begin PBXNativeTarget section */
		8DD76F620486A84900D96B5E /* OgreMaterialUpgrader */ = {
			isa = PBXNativeTarget;
			buildConfigurationList = 1DEB923108733DC60010E9CD /* Build configuration list for PBXNativeTarget "OgreMaterialUpgrader" */;
			buildPhases = (
				8DD76F640486A84900D96B5E /* Sources */,
				8DD76F660486A84900D96B5E /* Frameworks */,
				8DD76F690486A84900D96B5E /* CopyFiles */,
			);
			buildRules = (
			);
			dependencies = (
			);
			name = OgreMaterialUpgrader;
			productInstallPath = "$(HOME)/bin";
			productName = OgreMaterialUpgrader;
			productReference = 8DD76F6C0486A84900D96B5E /* OgreMaterialUpgrader */;
			productType = "com.apple.product-type.tool";
		};
/* End PBXNativeTarget section */

/* Begin PBXProject section */
		08FB7793FE84155DC02AAC07 /* Project object */ = {
			isa = PBXProject;
			buildConfigurationList = 1DEB923508733DC60010E9CD /* Build configuration list for PBXProject "OgreMaterialUpgrader" */;
			hasScannedForEncodings = 1;
			mainGroup = 08FB7794FE84155DC02AAC07 /* OgreMaterialUpgrader */;
			projectDirPath = "";
			targets = (
				8DD76F620486A84900D96B5E /* OgreMaterialUpgrader */,
			);
		};
/* End PBXProject section */

/* Begin PBXSourcesBuildPhase section */
		8DD76F640486A84900D96B5E /* Sources */ = {
			isa = PBXSourcesBuildPhase;
			buildActionMask = 2147483647;
			files = (
				D01232310B0A4A6400E3DC56 /* main.cpp in Sources */,
				D01232320B0A4A6400E3DC56 /* OldMaterialReader.cpp in Sources */,
			);
			runOnlyForDeploymentPostprocessing = 0;
		};
/* End PBXSourcesBuildPhase section */

/* Begin XCBuildConfiguration section */
		1DEB923208733DC60010E9CD /* Debug */ = {
			isa = XCBuildConfiguration;
			buildSettings = {
				COPY_PHASE_STRIP = NO;
				GCC_DYNAMIC_NO_PIC = NO;
				GCC_ENABLE_FIX_AND_CONTINUE = YES;
				GCC_MODEL_TUNING = G5;
				GCC_OPTIMIZATION_LEVEL = 0;
				INSTALL_PATH = "$(HOME)/bin";
				PRODUCT_NAME = OgreMaterialUpgrader;
				ZERO_LINK = YES;
			};
			name = Debug;
		};
		1DEB923308733DC60010E9CD /* Release */ = {
			isa = XCBuildConfiguration;
			buildSettings = {
				ARCHS = (
					ppc,
					i386,
				);
				GCC_GENERATE_DEBUGGING_SYMBOLS = NO;
				GCC_MODEL_TUNING = G5;
				INSTALL_PATH = "$(HOME)/bin";
				PRODUCT_NAME = OgreMaterialUpgrader;
			};
			name = Release;
		};
		1DEB923608733DC60010E9CD /* Debug */ = {
			isa = XCBuildConfiguration;
			buildSettings = {
				GCC_WARN_ABOUT_RETURN_TYPE = YES;
				GCC_WARN_UNUSED_VARIABLE = YES;
				HEADER_SEARCH_PATHS = "../../../OgreMain/include/**";
				PREBINDING = NO;
				SDKROOT = /Developer/SDKs/MacOSX10.4u.sdk;
			};
			name = Debug;
		};
		1DEB923708733DC60010E9CD /* Release */ = {
			isa = XCBuildConfiguration;
			buildSettings = {
				GCC_WARN_ABOUT_RETURN_TYPE = YES;
				GCC_WARN_UNUSED_VARIABLE = YES;
				HEADER_SEARCH_PATHS = "../../../OgreMain/include/**";
				PREBINDING = NO;
				SDKROOT = /Developer/SDKs/MacOSX10.4u.sdk;
				USER_HEADER_SEARCH_PATHS = "";
			};
			name = Release;
		};
/* End XCBuildConfiguration section */

/* Begin XCConfigurationList section */
		1DEB923108733DC60010E9CD /* Build configuration list for PBXNativeTarget "OgreMaterialUpgrader" */ = {
			isa = XCConfigurationList;
			buildConfigurations = (
				1DEB923208733DC60010E9CD /* Debug */,
				1DEB923308733DC60010E9CD /* Release */,
			);
			defaultConfigurationIsVisible = 0;
			defaultConfigurationName = Release;
		};
		1DEB923508733DC60010E9CD /* Build configuration list for PBXProject "OgreMaterialUpgrader" */ = {
			isa = XCConfigurationList;
			buildConfigurations = (
				1DEB923608733DC60010E9CD /* Debug */,
				1DEB923708733DC60010E9CD /* Release */,
			);
			defaultConfigurationIsVisible = 0;
			defaultConfigurationName = Release;
		};
/* End XCConfigurationList section */
	};
	rootObject = 08FB7793FE84155DC02AAC07 /* Project object */;
}
