<?xml version="1.0" encoding="UTF-8" standalone="yes" ?>
<CodeBlocks_project_file>
	<FileVersion major="1" minor="4" />
	<Project>
		<Option title="OgreGUIRenderer" />
		<Option default_target="-1" />
		<Option compiler="gcc" />
		<Build>
			<Target title="Debug">
				<Option output="..\..\..\..\lib\OgreGUIRenderer_d.dll" />
				<Option object_output="..\bin\Debug" />
				<Option external_deps="..\..\..\..\lib\OgreMain_d.dll;" />
				<Option type="3" />
				<Option compiler="gcc" />
				<Option includeInTargetAll="1" />
				<Option projectResourceIncludeDirsRelation="0" />
				<Compiler>
					<Add option="-g" />
					<Add option="-DWIN32" />
					<Add option="-D_DEBUG" />
					<Add option="-D_STLP_DEBUG" />
					<Add option="-D_WINDOWS" />
					<Add option="-D_USRDLL" />
				</Compiler>
				<Linker>
					<Add library="CEGUIBase_d" />
					<Add library="Ogremain_d" />
					<Add library="stlportstlg.5.0" />
				</Linker>
				<ExtraCommands>
					<Add after="cmd /c copy $($(TARGET_NAME)_OUTPUT_FILE) ..\..\bin\$(TARGET_NAME)" />
				</ExtraCommands>
			</Target>
			<Target title="Release">
				<Option output="..\..\..\..\lib\OgreGUIRenderer.dll" />
				<Option object_output="..\bin\Release" />
				<Option external_deps="..\..\..\..\lib\OgreMain.dll;" />
				<Option type="3" />
				<Option compiler="gcc" />
				<Option includeInTargetAll="1" />
				<Option projectResourceIncludeDirsRelation="0" />
				<Compiler>
					<Add option="-O3" />
					<Add option="-DWIN32" />
					<Add option="-DNDEBUG" />
					<Add option="-D_WINDOWS" />
					<Add option="-D_USRDLL" />
				</Compiler>
				<Linker>
					<Add option="-s" />
					<Add library="CEGUIBase" />
					<Add library="Ogremain" />
					<Add library="stlport.5.0" />
				</Linker>
				<ExtraCommands>
					<Add after="cmd /c copy $($(TARGET_NAME)_OUTPUT_FILE) ..\..\bin\$(TARGET_NAME)" />
				</ExtraCommands>
			</Target>
		</Build>
		<Compiler>
			<Add option="-Wall" />
			<Add option="-mthreads" />
			<Add option="-fmessage-length=0" />
			<Add option="-fexceptions" />
			<Add option="-fident" />
			<Add option="-D_STLP_NO_CUSTOM_IO" />
			<Add option="-D_STLP_USE_DYNAMIC_LIB" />
			<Add directory="$(#STLPORT_DIR)\stlport" />
			<Add directory="..\include" />
			<Add directory="..\..\..\..\OgreMain\include" />
			<Add directory="..\..\..\..\Dependencies\include" />
			<Add directory="..\..\..\..\Dependencies\include\CEGUI" />
		</Compiler>
		<Linker>
			<Add option="-Wl,--enable-auto-image-base" />
			<Add option="-Wl,--add-stdcall-alias" />
			<Add directory="..\..\bin\$(TARGET_NAME)" />
		</Linker>
		<Unit filename="..\include\OgreCEGUIRenderer.h">
			<Option compilerVar="" />
			<Option compile="0" />
			<Option link="0" />
			<Option target="Debug" />
			<Option target="Release" />
		</Unit>
		<Unit filename="..\include\OgreCEGUIResourceProvider.h">
			<Option compilerVar="" />
			<Option compile="0" />
			<Option link="0" />
			<Option target="Debug" />
			<Option target="Release" />
		</Unit>
		<Unit filename="..\include\OgreCEGUITexture.h">
			<Option compilerVar="" />
			<Option compile="0" />
			<Option link="0" />
			<Option target="Debug" />
			<Option target="Release" />
		</Unit>
		<Unit filename="..\src\OgreCEGUIRenderer.cpp">
			<Option compilerVar="CPP" />
			<Option target="Debug" />
			<Option target="Release" />
		</Unit>
		<Unit filename="..\src\OgreCEGUIResourceProvider.cpp">
			<Option compilerVar="CPP" />
			<Option target="Debug" />
			<Option target="Release" />
		</Unit>
		<Unit filename="..\src\OgreCEGUITexture.cpp">
			<Option compilerVar="CPP" />
			<Option target="Debug" />
			<Option target="Release" />
		</Unit>
	</Project>
</CodeBlocks_project_file>
