Microsoft Visual Studio Solution File, Format Version 7.00
Project("{8BC9CEB8-8B4A-11D0-8D11-00A0C91BC942}") = "ReferenceAppLayer", "ReferenceAppLayer\scripts\ReferenceAppLayer.vcproj", "{80DECC17-BDDD-4412-8CF8-F7C1C17A7436}"
EndProject
Project("{8BC9CEB8-8B4A-11D0-8D11-00A0C91BC942}") = "OgreMain", "..\OgreMain\scripts\OgreMain.vcproj", "{35AFBABB-DF05-43DE-91A7-BB828A874015}"
EndProject
Project("{8BC9CEB8-8B4A-11D0-8D11-00A0C91BC942}") = "Demo_BspCollision", "BspCollision\scripts\BspCollision.vcproj", "{EDD4B978-5ABA-448B-8DA7-A02F99714D66}"
EndProject
Project("{8BC9CEB8-8B4A-11D0-8D11-00A0C91BC942}") = "Plugin_BSPSceneManager", "..\PlugIns\BSPSceneManager\scripts\Plugin_BSPSceneManager.vcproj", "{80DECC17-BDDD-4412-8CF8-F7C1C17A7436}"
EndProject
Global
	GlobalSection(SolutionConfiguration) = preSolution
		ConfigName.0 = Debug
		ConfigName.1 = Release
	EndGlobalSection
	GlobalSection(ProjectDependencies) = postSolution
		{80DECC17-BDDD-4412-8CF8-F7C1C17A7436}.0 = {35AFBABB-DF05-43DE-91A7-BB828A874015}
		{EDD4B978-5ABA-448B-8DA7-A02F99714D66}.0 = {80DECC17-BDDD-4412-8CF8-F7C1C17A7436}
		{EDD4B978-5ABA-448B-8DA7-A02F99714D66}.1 = {80DECC17-BDDD-4412-8CF8-F7C1C17A7436}
		{EDD4B978-5ABA-448B-8DA7-A02F99714D66}.2 = {80DECC17-BDDD-4412-8CF8-F7C1C17A7436}
		{80DECC17-BDDD-4412-8CF8-F7C1C17A7436}.0 = {35AFBABB-DF05-43DE-91A7-BB828A874015}
	EndGlobalSection
	GlobalSection(ProjectConfiguration) = postSolution
		{80DECC17-BDDD-4412-8CF8-F7C1C17A7436}.Debug.ActiveCfg = Debug|Win32
		{80DECC17-BDDD-4412-8CF8-F7C1C17A7436}.Debug.Build.0 = Debug|Win32
		{80DECC17-BDDD-4412-8CF8-F7C1C17A7436}.Release.ActiveCfg = Release|Win32
		{80DECC17-BDDD-4412-8CF8-F7C1C17A7436}.Release.Build.0 = Release|Win32
		{35AFBABB-DF05-43DE-91A7-BB828A874015}.Debug.ActiveCfg = Debug|Win32
		{35AFBABB-DF05-43DE-91A7-BB828A874015}.Debug.Build.0 = Debug|Win32
		{35AFBABB-DF05-43DE-91A7-BB828A874015}.Release.ActiveCfg = Release|Win32
		{35AFBABB-DF05-43DE-91A7-BB828A874015}.Release.Build.0 = Release|Win32
		{EDD4B978-5ABA-448B-8DA7-A02F99714D66}.Debug.ActiveCfg = Debug|Win32
		{EDD4B978-5ABA-448B-8DA7-A02F99714D66}.Debug.Build.0 = Debug|Win32
		{EDD4B978-5ABA-448B-8DA7-A02F99714D66}.Release.ActiveCfg = Release|Win32
		{EDD4B978-5ABA-448B-8DA7-A02F99714D66}.Release.Build.0 = Release|Win32
		{80DECC17-BDDD-4412-8CF8-F7C1C17A7436}.Debug.ActiveCfg = Debug|Win32
		{80DECC17-BDDD-4412-8CF8-F7C1C17A7436}.Debug.Build.0 = Debug|Win32
		{80DECC17-BDDD-4412-8CF8-F7C1C17A7436}.Release.ActiveCfg = Release|Win32
		{80DECC17-BDDD-4412-8CF8-F7C1C17A7436}.Release.Build.0 = Release|Win32
	EndGlobalSection
	GlobalSection(ExtensibilityGlobals) = postSolution
	EndGlobalSection
	GlobalSection(ExtensibilityAddIns) = postSolution
	EndGlobalSection
EndGlobal
