// !$*UTF8*$!
{
	archiveVersion = 1;
	classes = {
	};
	objectVersion = 42;
	objects = {

/* Begin PBXBuildFile section */
		000E24D60B3923A7004EA2DF /* config.h in CopyFiles */ = {isa = PBXBuildFile; fileRef = 000E24D50B3923A7004EA2DF /* config.h */; };
		D01230EE0B0A451C00E3DC56 /* main.cpp in Sources */ = {isa = PBXBuildFile; fileRef = D01230E70B0A451B00E3DC56 /* main.cpp */; };
		D01230EF0B0A451C00E3DC56 /* OgreXMLMeshSerializer.cpp in Sources */ = {isa = PBXBuildFile; fileRef = D01230E80B0A451B00E3DC56 /* OgreXMLMeshSerializer.cpp */; };
		D01230F00B0A451C00E3DC56 /* OgreXMLSkeletonSerializer.cpp in Sources */ = {isa = PBXBuildFile; fileRef = D01230E90B0A451B00E3DC56 /* OgreXMLSkeletonSerializer.cpp */; };
		D01230F10B0A451C00E3DC56 /* tinystr.cpp in Sources */ = {isa = PBXBuildFile; fileRef = D01230EA0B0A451B00E3DC56 /* tinystr.cpp */; };
		D01230F20B0A451C00E3DC56 /* tinyxml.cpp in Sources */ = {isa = PBXBuildFile; fileRef = D01230EB0B0A451B00E3DC56 /* tinyxml.cpp */; };
		D01230F30B0A451C00E3DC56 /* tinyxmlerror.cpp in Sources */ = {isa = PBXBuildFile; fileRef = D01230EC0B0A451C00E3DC56 /* tinyxmlerror.cpp */; };
		D01230F40B0A451C00E3DC56 /* tinyxmlparser.cpp in Sources */ = {isa = PBXBuildFile; fileRef = D01230ED0B0A451C00E3DC56 /* tinyxmlparser.cpp */; };
		D01230F60B0A453E00E3DC56 /* Ogre.framework in Frameworks */ = {isa = PBXBuildFile; fileRef = D01230F50B0A453E00E3DC56 /* Ogre.framework */; };
		D01232010B0A47A100E3DC56 /* OgreXMLConverter in CopyFiles */ = {isa = PBXBuildFile; fileRef = 8DD76F6C0486A84900D96B5E /* OgreXMLConverter */; };
/* End PBXBuildFile section */

/* Begin PBXCopyFilesBuildPhase section */
		D01231FF0B0A477300E3DC56 /* CopyFiles */ = {
			isa = PBXCopyFilesBuildPhase;
			buildActionMask = 2147483647;
			dstPath = "$(PROJECT_DIR)/../bin";
			dstSubfolderSpec = 0;
			files = (
				D01232010B0A47A100E3DC56 /* OgreXMLConverter in CopyFiles */,
				000E24D60B3923A7004EA2DF /* config.h in CopyFiles */,
			);
			runOnlyForDeploymentPostprocessing = 0;
		};
/* End PBXCopyFilesBuildPhase section */

/* Begin PBXFileReference section */
		000E24D50B3923A7004EA2DF /* config.h */ = {isa = PBXFileReference; fileEncoding = 30; lastKnownFileType = sourcecode.c.h; name = config.h; path = ../../Ogre/include/config.h; sourceTree = SOURCE_ROOT; };
		8DD76F6C0486A84900D96B5E /* OgreXMLConverter */ = {isa = PBXFileReference; includeInIndex = 0; lastKnownFileType = "compiled.mach-o.executable"; path = OgreXMLConverter; sourceTree = BUILT_PRODUCTS_DIR; };
		D01230DD0B0A450C00E3DC56 /* OgreXMLMeshSerializer.h */ = {isa = PBXFileReference; fileEncoding = 30; lastKnownFileType = sourcecode.c.h; name = OgreXMLMeshSerializer.h; path = ../../../Tools/XMLConverter/include/OgreXMLMeshSerializer.h; sourceTree = SOURCE_ROOT; };
		D01230DE0B0A450C00E3DC56 /* OgreXMLPrerequisites.h */ = {isa = PBXFileReference; fileEncoding = 30; lastKnownFileType = sourcecode.c.h; name = OgreXMLPrerequisites.h; path = ../../../Tools/XMLConverter/include/OgreXMLPrerequisites.h; sourceTree = SOURCE_ROOT; };
		D01230DF0B0A450C00E3DC56 /* OgreXMLSkeletonSerializer.h */ = {isa = PBXFileReference; fileEncoding = 30; lastKnownFileType = sourcecode.c.h; name = OgreXMLSkeletonSerializer.h; path = ../../../Tools/XMLConverter/include/OgreXMLSkeletonSerializer.h; sourceTree = SOURCE_ROOT; };
		D01230E00B0A450C00E3DC56 /* tinystr.h */ = {isa = PBXFileReference; fileEncoding = 30; lastKnownFileType = sourcecode.c.h; name = tinystr.h; path = ../../../Tools/XMLConverter/include/tinystr.h; sourceTree = SOURCE_ROOT; };
		D01230E10B0A450C00E3DC56 /* tinyxml.h */ = {isa = PBXFileReference; fileEncoding = 30; lastKnownFileType = sourcecode.c.h; name = tinyxml.h; path = ../../../Tools/XMLConverter/include/tinyxml.h; sourceTree = SOURCE_ROOT; };
		D01230E70B0A451B00E3DC56 /* main.cpp */ = {isa = PBXFileReference; fileEncoding = 30; lastKnownFileType = sourcecode.cpp.cpp; name = main.cpp; path = ../../../Tools/XMLConverter/src/main.cpp; sourceTree = SOURCE_ROOT; };
		D01230E80B0A451B00E3DC56 /* OgreXMLMeshSerializer.cpp */ = {isa = PBXFileReference; fileEncoding = 30; lastKnownFileType = sourcecode.cpp.cpp; name = OgreXMLMeshSerializer.cpp; path = ../../../Tools/XMLConverter/src/OgreXMLMeshSerializer.cpp; sourceTree = SOURCE_ROOT; };
		D01230E90B0A451B00E3DC56 /* OgreXMLSkeletonSerializer.cpp */ = {isa = PBXFileReference; fileEncoding = 30; lastKnownFileType = sourcecode.cpp.cpp; name = OgreXMLSkeletonSerializer.cpp; path = ../../../Tools/XMLConverter/src/OgreXMLSkeletonSerializer.cpp; sourceTree = SOURCE_ROOT; };
		D01230EA0B0A451B00E3DC56 /* tinystr.cpp */ = {isa = PBXFileReference; fileEncoding = 30; lastKnownFileType = sourcecode.cpp.cpp; name = tinystr.cpp; path = ../../../Tools/XMLConverter/src/tinystr.cpp; sourceTree = SOURCE_ROOT; };
		D01230EB0B0A451B00E3DC56 /* tinyxml.cpp */ = {isa = PBXFileReference; fileEncoding = 30; lastKnownFileType = sourcecode.cpp.cpp; name = tinyxml.cpp; path = ../../../Tools/XMLConverter/src/tinyxml.cpp; sourceTree = SOURCE_ROOT; };
		D01230EC0B0A451C00E3DC56 /* tinyxmlerror.cpp */ = {isa = PBXFileReference; fileEncoding = 30; lastKnownFileType = sourcecode.cpp.cpp; name = tinyxmlerror.cpp; path = ../../../Tools/XMLConverter/src/tinyxmlerror.cpp; sourceTree = SOURCE_ROOT; };
		D01230ED0B0A451C00E3DC56 /* tinyxmlparser.cpp */ = {isa = PBXFileReference; fileEncoding = 30; lastKnownFileType = sourcecode.cpp.cpp; name = tinyxmlparser.cpp; path = ../../../Tools/XMLConverter/src/tinyxmlparser.cpp; sourceTree = SOURCE_ROOT; };
		D01230F50B0A453E00E3DC56 /* Ogre.framework */ = {isa = PBXFileReference; lastKnownFileType = wrapper.framework; name = Ogre.framework; path = /Library/Frameworks/Ogre.framework; sourceTree = "<absolute>"; };
/* End PBXFileReference section */

/* Begin PBXFrameworksBuildPhase section */
		8DD76F660486A84900D96B5E /* Frameworks */ = {
			isa = PBXFrameworksBuildPhase;
			buildActionMask = 2147483647;
			files = (
				D01230F60B0A453E00E3DC56 /* Ogre.framework in Frameworks */,
			);
			runOnlyForDeploymentPostprocessing = 0;
		};
/* End PBXFrameworksBuildPhase section */

/* Begin PBXGroup section */
		08FB7794FE84155DC02AAC07 /* OgreXMLConverter */ = {
			isa = PBXGroup;
			children = (
				D01230DC0B0A44F200E3DC56 /* Include */,
				08FB7795FE84155DC02AAC07 /* Source */,
				D01231CA0B0A454700E3DC56 /* Frameworks */,
				C6859E8C029090F304C91782 /* Documentation */,
				1AB674ADFE9D54B511CA2CBB /* Products */,
			);
			name = OgreXMLConverter;
			sourceTree = "<group>";
		};
		08FB7795FE84155DC02AAC07 /* Source */ = {
			isa = PBXGroup;
			children = (
				D01230E70B0A451B00E3DC56 /* main.cpp */,
				D01230E80B0A451B00E3DC56 /* OgreXMLMeshSerializer.cpp */,
				D01230E90B0A451B00E3DC56 /* OgreXMLSkeletonSerializer.cpp */,
				D01230EA0B0A451B00E3DC56 /* tinystr.cpp */,
				D01230EB0B0A451B00E3DC56 /* tinyxml.cpp */,
				D01230EC0B0A451C00E3DC56 /* tinyxmlerror.cpp */,
				D01230ED0B0A451C00E3DC56 /* tinyxmlparser.cpp */,
			);
			name = Source;
			sourceTree = "<group>";
		};
		1AB674ADFE9D54B511CA2CBB /* Products */ = {
			isa = PBXGroup;
			children = (
				8DD76F6C0486A84900D96B5E /* OgreXMLConverter */,
			);
			name = Products;
			sourceTree = "<group>";
		};
		C6859E8C029090F304C91782 /* Documentation */ = {
			isa = PBXGroup;
			children = (
			);
			name = Documentation;
			sourceTree = "<group>";
		};
		D01230DC0B0A44F200E3DC56 /* Include */ = {
			isa = PBXGroup;
			children = (
				000E24D50B3923A7004EA2DF /* config.h */,
				D01230DD0B0A450C00E3DC56 /* OgreXMLMeshSerializer.h */,
				D01230DE0B0A450C00E3DC56 /* OgreXMLPrerequisites.h */,
				D01230DF0B0A450C00E3DC56 /* OgreXMLSkeletonSerializer.h */,
				D01230E00B0A450C00E3DC56 /* tinystr.h */,
				D01230E10B0A450C00E3DC56 /* tinyxml.h */,
			);
			name = Include;
			sourceTree = "<group>";
		};
		D01231CA0B0A454700E3DC56 /* Frameworks */ = {
			isa = PBXGroup;
			children = (
				D01230F50B0A453E00E3DC56 /* Ogre.framework */,
			);
			name = Frameworks;
			sourceTree = "<group>";
		};
/* End PBXGroup section */

/* Begin PBXNativeTarget section */
		8DD76F620486A84900D96B5E /* OgreXMLConverter */ = {
			isa = PBXNativeTarget;
			buildConfigurationList = 1DEB923108733DC60010E9CD /* Build configuration list for PBXNativeTarget "OgreXMLConverter" */;
			buildPhases = (
				8DD76F640486A84900D96B5E /* Sources */,
				8DD76F660486A84900D96B5E /* Frameworks */,
				D01231FF0B0A477300E3DC56 /* CopyFiles */,
			);
			buildRules = (
			);
			dependencies = (
			);
			name = OgreXMLConverter;
			productInstallPath = "$(HOME)/bin";
			productName = OgreXMLConverter;
			productReference = 8DD76F6C0486A84900D96B5E /* OgreXMLConverter */;
			productType = "com.apple.product-type.tool";
		};
/* End PBXNativeTarget section */

/* Begin PBXProject section */
		08FB7793FE84155DC02AAC07 /* Project object */ = {
			isa = PBXProject;
			buildConfigurationList = 1DEB923508733DC60010E9CD /* Build configuration list for PBXProject "OgreXMLConverter" */;
			hasScannedForEncodings = 1;
			mainGroup = 08FB7794FE84155DC02AAC07 /* OgreXMLConverter */;
			projectDirPath = "";
			targets = (
				8DD76F620486A84900D96B5E /* OgreXMLConverter */,
			);
		};
/* End PBXProject section */

/* Begin PBXSourcesBuildPhase section */
		8DD76F640486A84900D96B5E /* Sources */ = {
			isa = PBXSourcesBuildPhase;
			buildActionMask = 2147483647;
			files = (
				D01230EE0B0A451C00E3DC56 /* main.cpp in Sources */,
				D01230EF0B0A451C00E3DC56 /* OgreXMLMeshSerializer.cpp in Sources */,
				D01230F00B0A451C00E3DC56 /* OgreXMLSkeletonSerializer.cpp in Sources */,
				D01230F10B0A451C00E3DC56 /* tinystr.cpp in Sources */,
				D01230F20B0A451C00E3DC56 /* tinyxml.cpp in Sources */,
				D01230F30B0A451C00E3DC56 /* tinyxmlerror.cpp in Sources */,
				D01230F40B0A451C00E3DC56 /* tinyxmlparser.cpp in Sources */,
			);
			runOnlyForDeploymentPostprocessing = 0;
		};
/* End PBXSourcesBuildPhase section */

/* Begin XCBuildConfiguration section */
		1DEB923208733DC60010E9CD /* Debug */ = {
			isa = XCBuildConfiguration;
			buildSettings = {
				COPY_PHASE_STRIP = NO;
				GCC_DYNAMIC_NO_PIC = NO;
				GCC_ENABLE_FIX_AND_CONTINUE = YES;
				GCC_MODEL_TUNING = G5;
				GCC_OPTIMIZATION_LEVEL = 0;
				INSTALL_PATH = "$(HOME)/bin";
				PRODUCT_NAME = OgreXMLConverter;
				ZERO_LINK = YES;
			};
			name = Debug;
		};
		1DEB923308733DC60010E9CD /* Release */ = {
			isa = XCBuildConfiguration;
			buildSettings = {
				ARCHS = (
					ppc,
					i386,
				);
				GCC_GENERATE_DEBUGGING_SYMBOLS = NO;
				GCC_MODEL_TUNING = G5;
				INSTALL_PATH = "$(HOME)/bin";
				PRODUCT_NAME = OgreXMLConverter;
			};
			name = Release;
		};
		1DEB923608733DC60010E9CD /* Debug */ = {
			isa = XCBuildConfiguration;
			buildSettings = {
				ARCHS = (
					ppc,
					i386,
				);
				GCC_PREPROCESSOR_DEFINITIONS = TIXML_USE_STL;
				GCC_WARN_ABOUT_RETURN_TYPE = YES;
				GCC_WARN_UNUSED_VARIABLE = YES;
				HEADER_SEARCH_PATHS = "../../../OgreMain/include/**";
				PREBINDING = NO;
				SDKROOT = /Developer/SDKs/MacOSX10.4u.sdk;
			};
			name = Debug;
		};
		1DEB923708733DC60010E9CD /* Release */ = {
			isa = XCBuildConfiguration;
			buildSettings = {
				ARCHS = (
					ppc,
					i386,
				);
				GCC_PREPROCESSOR_DEFINITIONS = TIXML_USE_STL;
				GCC_WARN_ABOUT_RETURN_TYPE = YES;
				GCC_WARN_UNUSED_VARIABLE = YES;
				HEADER_SEARCH_PATHS = "../../../OgreMain/include/**";
				PREBINDING = NO;
				SDKROOT = /Developer/SDKs/MacOSX10.4u.sdk;
			};
			name = Release;
		};
/* End XCBuildConfiguration section */

/* Begin XCConfigurationList section */
		1DEB923108733DC60010E9CD /* Build configuration list for PBXNativeTarget "OgreXMLConverter" */ = {
			isa = XCConfigurationList;
			buildConfigurations = (
				1DEB923208733DC60010E9CD /* Debug */,
				1DEB923308733DC60010E9CD /* Release */,
			);
			defaultConfigurationIsVisible = 0;
			defaultConfigurationName = Release;
		};
		1DEB923508733DC60010E9CD /* Build configuration list for PBXProject "OgreXMLConverter" */ = {
			isa = XCConfigurationList;
			buildConfigurations = (
				1DEB923608733DC60010E9CD /* Debug */,
				1DEB923708733DC60010E9CD /* Release */,
			);
			defaultConfigurationIsVisible = 0;
			defaultConfigurationName = Release;
		};
/* End XCConfigurationList section */
	};
	rootObject = 08FB7793FE84155DC02AAC07 /* Project object */;
}
