<?xml version="1.0" encoding="UTF-8" standalone="yes" ?>
<CodeBlocks_project_file>
	<FileVersion major="1" minor="4" />
	<Project>
		<Option title="Playpen" />
		<Option compiler="gcc" />
		<Build>
			<Target title="Debug">
				<Option output="..\..\..\Samples\Common\bin\Debug\PlayPen.exe" />
				<Option working_dir="..\..\..\Samples\Common\bin\Debug" />
				<Option object_output="..\obj\debug" />
				<Option type="0" />
				<Option compiler="gcc" />
				<Option includeInTargetAll="1" />
				<Option projectResourceIncludeDirsRelation="0" />
				<Compiler>
					<Add option="-g" />
					<Add option="-D_DEBUG" />
					<Add option="-D_STLP_DEBUG" />
				</Compiler>
				<Linker>
					<Add library="OgreMain_d" />
					<Add library="stlportstlg.5.0" />
				</Linker>
			</Target>
			<Target title="Release">
				<Option output="..\..\..\Samples\Common\bin\Release\PlayPen.exe" />
				<Option working_dir="..\..\..\Samples\Common\bin\Release" />
				<Option object_output="..\obj\Release" />
				<Option type="0" />
				<Option compiler="gcc" />
				<Option includeInTargetAll="1" />
				<Option projectResourceIncludeDirsRelation="0" />
				<Compiler>
					<Add option="-O3" />
					<Add option="-DNDEBUG" />
				</Compiler>
				<Linker>
					<Add option="-s" />
					<Add library="OgreMain" />
					<Add library="stlport.5.0" />
				</Linker>
			</Target>
		</Build>
		<Compiler>
			<Add option="-Wall" />
			<Add option="-mthreads" />
			<Add option="-fmessage-length=0" />
			<Add option="-fexceptions" />
			<Add option="-fident" />
			<Add option="-D_STLP_NO_CUSTOM_IO" />
			<Add option="-D_STLP_USE_DYNAMIC_LIB" />
			<Add option="-DWIN32" />
			<Add option="-D_WINDOWS" />
			<Add directory="$(#STLPORT_DIR)\stlport" />
			<Add directory="..\..\..\OgreMain\include" />
			<Add directory="..\..\..\Samples\Common\include" />
		</Compiler>
		<Linker>
			<Add option="-Wl,--enable-auto-image-base" />
			<Add option="-Wl,--add-stdcall-alias" />
			<Add directory="..\..\..\Samples\Common\bin\$(TARGET_NAME)" />
		</Linker>
		<Unit filename="..\src\PlayPen.cpp">
			<Option compilerVar="CPP" />
			<Option target="Debug" />
			<Option target="Release" />
		</Unit>
		<Extensions />
	</Project>
</CodeBlocks_project_file>