Microsoft Visual Studio Solution File, Format Version 10.00
# Visual C++ Express 2008
Project("{8BC9CEB8-8B4A-11D0-8D11-00A0C91BC942}") = "Demo_BspCollision", "scripts\BspCollision_vc9.vcproj", "{1982C73F-3D1C-46A6-9DFB-C7B03310365B}"
	ProjectSection(ProjectDependencies) = postProject
		{6FDA6A78-A473-4FEB-86A5-96D1CC65D5B9} = {6FDA6A78-A473-4FEB-86A5-96D1CC65D5B9}
	EndProjectSection
EndProject
Project("{8BC9CEB8-8B4A-11D0-8D11-00A0C91BC942}") = "Demo_BezierPatch", "scripts\Demo_BezierPatch_vc9.vcproj", "{EDD4B978-5ABA-448B-8DA7-A02F99714D66}"
EndProject
Project("{8BC9CEB8-8B4A-11D0-8D11-00A0C91BC942}") = "Demo_BSP", "scripts\Demo_BSP_vc9.vcproj", "{D5EAD9CA-691E-4367-BFCC-C671581851E4}"
EndProject
Project("{8BC9CEB8-8B4A-11D0-8D11-00A0C91BC942}") = "Demo_CameraTrack", "scripts\Demo_CameraTrack_vc9.vcproj", "{161D4349-5DB6-4BCC-A890-FC20A2BB181A}"
EndProject
Project("{8BC9CEB8-8B4A-11D0-8D11-00A0C91BC942}") = "Demo_CelShading", "scripts\Demo_CelShading_vc9.vcproj", "{A0C80324-EF9A-41AE-A833-1CC909C38ABB}"
EndProject
Project("{8BC9CEB8-8B4A-11D0-8D11-00A0C91BC942}") = "Demo_CubeMapping", "scripts\Demo_CubeMapping_vc9.vcproj", "{89C04C44-50A4-47E3-BA46-8EA257329C80}"
EndProject
Project("{8BC9CEB8-8B4A-11D0-8D11-00A0C91BC942}") = "Demo_Dot3Bump", "scripts\Demo_Dot3Bump_vc9.vcproj", "{279EA6C7-59CF-48E4-BAC7-3C356A8114F6}"
EndProject
Project("{8BC9CEB8-8B4A-11D0-8D11-00A0C91BC942}") = "Demo_DynTex", "scripts\Demo_DynTex_vc9.vcproj", "{8330C155-7C4B-4564-A7D9-946DE5A19B27}"
EndProject
Project("{8BC9CEB8-8B4A-11D0-8D11-00A0C91BC942}") = "Demo_EnvMapping", "scripts\Demo_EnvMapping_vc9.vcproj", "{40308138-609B-4162-AA55-E8E02BF207F0}"
EndProject
Project("{8BC9CEB8-8B4A-11D0-8D11-00A0C91BC942}") = "Demo_Fresnel", "scripts\Demo_Fresnel_vc9.vcproj", "{B5E6BAD4-960F-418B-8904-FE93EC51947B}"
EndProject
Project("{8BC9CEB8-8B4A-11D0-8D11-00A0C91BC942}") = "Demo_Grass", "scripts\Demo_Grass_vc9.vcproj", "{A6698238-7305-11D9-AAC8-91EC5E497716}"
EndProject
Project("{8BC9CEB8-8B4A-11D0-8D11-00A0C91BC942}") = "Demo_Gui", "scripts\Demo_Gui_vc9.vcproj", "{0F83CA41-4364-49FF-A230-613B08B5CF82}"
EndProject
Project("{8BC9CEB8-8B4A-11D0-8D11-00A0C91BC942}") = "Demo_Lighting", "scripts\Demo_Lighting_vc9.vcproj", "{09F9E809-02CF-4926-8203-2B9C02FBD916}"
EndProject
Project("{8BC9CEB8-8B4A-11D0-8D11-00A0C91BC942}") = "Demo_ParticleFX", "scripts\Demo_ParticleFX_vc9.vcproj", "{74204563-3B14-42A3-B9E6-8E3201D571BC}"
EndProject
Project("{8BC9CEB8-8B4A-11D0-8D11-00A0C91BC942}") = "Demo_RenderToTexture", "scripts\Demo_RenderToTexture_vc9.vcproj", "{109F610E-9B23-4D05-819E-A7F27A42AA94}"
EndProject
Project("{8BC9CEB8-8B4A-11D0-8D11-00A0C91BC942}") = "Demo_Shadows", "scripts\Demo_Shadows_vc9.vcproj", "{F6C5DBF5-AD48-4F33-B824-595092CFE850}"
EndProject
Project("{8BC9CEB8-8B4A-11D0-8D11-00A0C91BC942}") = "Demo_SkeletalAnimation", "scripts\Demo_SkeletalAnimation_vc9.vcproj", "{43E76713-7E47-4AB0-A2FE-F4296B5C3EF8}"
EndProject
Project("{8BC9CEB8-8B4A-11D0-8D11-00A0C91BC942}") = "Demo_SkyBox", "scripts\Demo_SkyBox_vc9.vcproj", "{BC7E19F4-4B5D-4549-B473-E234011B6719}"
EndProject
Project("{8BC9CEB8-8B4A-11D0-8D11-00A0C91BC942}") = "Demo_SkyDome", "scripts\Demo_SkyDome_vc9.vcproj", "{C9AF3D1F-44A3-413A-B137-264C6D559CED}"
EndProject
Project("{8BC9CEB8-8B4A-11D0-8D11-00A0C91BC942}") = "Demo_SkyPlane", "scripts\Demo_SkyPlane_vc9.vcproj", "{2EF34790-42A6-4722-925A-8255120A90E3}"
EndProject
Project("{8BC9CEB8-8B4A-11D0-8D11-00A0C91BC942}") = "Demo_Smoke", "scripts\Demo_Smoke_vc9.vcproj", "{86B4ED07-3D95-45C3-B387-512046E95C68}"
EndProject
Project("{8BC9CEB8-8B4A-11D0-8D11-00A0C91BC942}") = "Demo_Terrain", "scripts\Demo_Terrain_vc9.vcproj", "{1BB416AA-358A-4B4B-B565-14CE1BF9D4FD}"
EndProject
Project("{8BC9CEB8-8B4A-11D0-8D11-00A0C91BC942}") = "Demo_TextureFX", "scripts\Demo_TextureFX_vc9.vcproj", "{4C359709-9A70-4ED8-9071-8BCF1BCD83E7}"
EndProject
Project("{8BC9CEB8-8B4A-11D0-8D11-00A0C91BC942}") = "Demo_Transparency", "scripts\Demo_Transparency_vc9.vcproj", "{AB50ACAA-ADE7-4554-B56B-68991C41D29A}"
EndProject
Project("{8BC9CEB8-8B4A-11D0-8D11-00A0C91BC942}") = "Demo_VolumeTex", "scripts\Demo_VolumeTex_vc9.vcproj", "{724B4906-44BE-49FB-B1C8-E02AAAC0780C}"
EndProject
Project("{8BC9CEB8-8B4A-11D0-8D11-00A0C91BC942}") = "Demo_Water", "scripts\Demo_Water_vc9.vcproj", "{C7167FBD-F166-4DEA-B50B-9F25E28B75F6}"
EndProject
Project("{8BC9CEB8-8B4A-11D0-8D11-00A0C91BC942}") = "ReferenceAppLayer", "refapp\scripts\ReferenceAppLayer_vc9.vcproj", "{6FDA6A78-A473-4FEB-86A5-96D1CC65D5B9}"
EndProject
Project("{8BC9CEB8-8B4A-11D0-8D11-00A0C91BC942}") = "Demo_DeferredShading", "scripts\Demo_DeferredShading_vc9.vcproj", "{A2404F4B-2FB1-41B1-AAA6-6FD10921A791}"
EndProject
Project("{8BC9CEB8-8B4A-11D0-8D11-00A0C91BC942}") = "Demo_FacialAnimation", "scripts\Demo_FacialAnimation_vc9.vcproj", "{59670412-2E76-4AE7-9923-3BE8D44323EE}"
EndProject
Project("{8BC9CEB8-8B4A-11D0-8D11-00A0C91BC942}") = "Demo_Ocean", "scripts\Demo_Ocean_vc9.vcproj", "{E726B7BD-CB22-4CA5-AB6A-124FDDA6C4AC}"
EndProject
Project("{8BC9CEB8-8B4A-11D0-8D11-00A0C91BC942}") = "Demo_Crowd", "scripts\Demo_Crowd_vc9.vcproj", "{5C668293-B752-499A-98C1-5042CACA1897}"
EndProject
Project("{8BC9CEB8-8B4A-11D0-8D11-00A0C91BC942}") = "Demo_Instancing", "scripts\Demo_Instancing_vc9.vcproj", "{35134523-6D5B-4AFA-BFB4-4D57C42C2169}"
EndProject
Project("{8BC9CEB8-8B4A-11D0-8D11-00A0C91BC942}") = "Demo_Compositor", "scripts\Demo_Compositor_vc9.vcproj", "{FBD73586-AD33-4191-A604-68AE21278729}"
EndProject
Global
	GlobalSection(SolutionConfigurationPlatforms) = preSolution
		Debug|Win32 = Debug|Win32
		Release|Win32 = Release|Win32
	EndGlobalSection
	GlobalSection(ProjectConfigurationPlatforms) = postSolution
		{1982C73F-3D1C-46A6-9DFB-C7B03310365B}.Debug|Win32.ActiveCfg = Debug|Win32
		{1982C73F-3D1C-46A6-9DFB-C7B03310365B}.Debug|Win32.Build.0 = Debug|Win32
		{1982C73F-3D1C-46A6-9DFB-C7B03310365B}.Release|Win32.ActiveCfg = Release|Win32
		{1982C73F-3D1C-46A6-9DFB-C7B03310365B}.Release|Win32.Build.0 = Release|Win32
		{EDD4B978-5ABA-448B-8DA7-A02F99714D66}.Debug|Win32.ActiveCfg = Debug|Win32
		{EDD4B978-5ABA-448B-8DA7-A02F99714D66}.Debug|Win32.Build.0 = Debug|Win32
		{EDD4B978-5ABA-448B-8DA7-A02F99714D66}.Release|Win32.ActiveCfg = Release|Win32
		{EDD4B978-5ABA-448B-8DA7-A02F99714D66}.Release|Win32.Build.0 = Release|Win32
		{D5EAD9CA-691E-4367-BFCC-C671581851E4}.Debug|Win32.ActiveCfg = Debug|Win32
		{D5EAD9CA-691E-4367-BFCC-C671581851E4}.Debug|Win32.Build.0 = Debug|Win32
		{D5EAD9CA-691E-4367-BFCC-C671581851E4}.Release|Win32.ActiveCfg = Release|Win32
		{D5EAD9CA-691E-4367-BFCC-C671581851E4}.Release|Win32.Build.0 = Release|Win32
		{161D4349-5DB6-4BCC-A890-FC20A2BB181A}.Debug|Win32.ActiveCfg = Debug|Win32
		{161D4349-5DB6-4BCC-A890-FC20A2BB181A}.Debug|Win32.Build.0 = Debug|Win32
		{161D4349-5DB6-4BCC-A890-FC20A2BB181A}.Release|Win32.ActiveCfg = Release|Win32
		{161D4349-5DB6-4BCC-A890-FC20A2BB181A}.Release|Win32.Build.0 = Release|Win32
		{A0C80324-EF9A-41AE-A833-1CC909C38ABB}.Debug|Win32.ActiveCfg = Debug|Win32
		{A0C80324-EF9A-41AE-A833-1CC909C38ABB}.Debug|Win32.Build.0 = Debug|Win32
		{A0C80324-EF9A-41AE-A833-1CC909C38ABB}.Release|Win32.ActiveCfg = Release|Win32
		{A0C80324-EF9A-41AE-A833-1CC909C38ABB}.Release|Win32.Build.0 = Release|Win32
		{89C04C44-50A4-47E3-BA46-8EA257329C80}.Debug|Win32.ActiveCfg = Debug|Win32
		{89C04C44-50A4-47E3-BA46-8EA257329C80}.Debug|Win32.Build.0 = Debug|Win32
		{89C04C44-50A4-47E3-BA46-8EA257329C80}.Release|Win32.ActiveCfg = Release|Win32
		{89C04C44-50A4-47E3-BA46-8EA257329C80}.Release|Win32.Build.0 = Release|Win32
		{279EA6C7-59CF-48E4-BAC7-3C356A8114F6}.Debug|Win32.ActiveCfg = Debug|Win32
		{279EA6C7-59CF-48E4-BAC7-3C356A8114F6}.Debug|Win32.Build.0 = Debug|Win32
		{279EA6C7-59CF-48E4-BAC7-3C356A8114F6}.Release|Win32.ActiveCfg = Release|Win32
		{279EA6C7-59CF-48E4-BAC7-3C356A8114F6}.Release|Win32.Build.0 = Release|Win32
		{8330C155-7C4B-4564-A7D9-946DE5A19B27}.Debug|Win32.ActiveCfg = Debug|Win32
		{8330C155-7C4B-4564-A7D9-946DE5A19B27}.Debug|Win32.Build.0 = Debug|Win32
		{8330C155-7C4B-4564-A7D9-946DE5A19B27}.Release|Win32.ActiveCfg = Release|Win32
		{8330C155-7C4B-4564-A7D9-946DE5A19B27}.Release|Win32.Build.0 = Release|Win32
		{40308138-609B-4162-AA55-E8E02BF207F0}.Debug|Win32.ActiveCfg = Debug|Win32
		{40308138-609B-4162-AA55-E8E02BF207F0}.Debug|Win32.Build.0 = Debug|Win32
		{40308138-609B-4162-AA55-E8E02BF207F0}.Release|Win32.ActiveCfg = Release|Win32
		{40308138-609B-4162-AA55-E8E02BF207F0}.Release|Win32.Build.0 = Release|Win32
		{B5E6BAD4-960F-418B-8904-FE93EC51947B}.Debug|Win32.ActiveCfg = Debug|Win32
		{B5E6BAD4-960F-418B-8904-FE93EC51947B}.Debug|Win32.Build.0 = Debug|Win32
		{B5E6BAD4-960F-418B-8904-FE93EC51947B}.Release|Win32.ActiveCfg = Release|Win32
		{B5E6BAD4-960F-418B-8904-FE93EC51947B}.Release|Win32.Build.0 = Release|Win32
		{A6698238-7305-11D9-AAC8-91EC5E497716}.Debug|Win32.ActiveCfg = Debug|Win32
		{A6698238-7305-11D9-AAC8-91EC5E497716}.Debug|Win32.Build.0 = Debug|Win32
		{A6698238-7305-11D9-AAC8-91EC5E497716}.Release|Win32.ActiveCfg = Release|Win32
		{A6698238-7305-11D9-AAC8-91EC5E497716}.Release|Win32.Build.0 = Release|Win32
		{0F83CA41-4364-49FF-A230-613B08B5CF82}.Debug|Win32.ActiveCfg = Debug|Win32
		{0F83CA41-4364-49FF-A230-613B08B5CF82}.Debug|Win32.Build.0 = Debug|Win32
		{0F83CA41-4364-49FF-A230-613B08B5CF82}.Release|Win32.ActiveCfg = Release|Win32
		{0F83CA41-4364-49FF-A230-613B08B5CF82}.Release|Win32.Build.0 = Release|Win32
		{09F9E809-02CF-4926-8203-2B9C02FBD916}.Debug|Win32.ActiveCfg = Debug|Win32
		{09F9E809-02CF-4926-8203-2B9C02FBD916}.Debug|Win32.Build.0 = Debug|Win32
		{09F9E809-02CF-4926-8203-2B9C02FBD916}.Release|Win32.ActiveCfg = Release|Win32
		{09F9E809-02CF-4926-8203-2B9C02FBD916}.Release|Win32.Build.0 = Release|Win32
		{74204563-3B14-42A3-B9E6-8E3201D571BC}.Debug|Win32.ActiveCfg = Debug|Win32
		{74204563-3B14-42A3-B9E6-8E3201D571BC}.Debug|Win32.Build.0 = Debug|Win32
		{74204563-3B14-42A3-B9E6-8E3201D571BC}.Release|Win32.ActiveCfg = Release|Win32
		{74204563-3B14-42A3-B9E6-8E3201D571BC}.Release|Win32.Build.0 = Release|Win32
		{109F610E-9B23-4D05-819E-A7F27A42AA94}.Debug|Win32.ActiveCfg = Debug|Win32
		{109F610E-9B23-4D05-819E-A7F27A42AA94}.Debug|Win32.Build.0 = Debug|Win32
		{109F610E-9B23-4D05-819E-A7F27A42AA94}.Release|Win32.ActiveCfg = Release|Win32
		{109F610E-9B23-4D05-819E-A7F27A42AA94}.Release|Win32.Build.0 = Release|Win32
		{F6C5DBF5-AD48-4F33-B824-595092CFE850}.Debug|Win32.ActiveCfg = Debug|Win32
		{F6C5DBF5-AD48-4F33-B824-595092CFE850}.Debug|Win32.Build.0 = Debug|Win32
		{F6C5DBF5-AD48-4F33-B824-595092CFE850}.Release|Win32.ActiveCfg = Release|Win32
		{F6C5DBF5-AD48-4F33-B824-595092CFE850}.Release|Win32.Build.0 = Release|Win32
		{43E76713-7E47-4AB0-A2FE-F4296B5C3EF8}.Debug|Win32.ActiveCfg = Debug|Win32
		{43E76713-7E47-4AB0-A2FE-F4296B5C3EF8}.Debug|Win32.Build.0 = Debug|Win32
		{43E76713-7E47-4AB0-A2FE-F4296B5C3EF8}.Release|Win32.ActiveCfg = Release|Win32
		{43E76713-7E47-4AB0-A2FE-F4296B5C3EF8}.Release|Win32.Build.0 = Release|Win32
		{BC7E19F4-4B5D-4549-B473-E234011B6719}.Debug|Win32.ActiveCfg = Debug|Win32
		{BC7E19F4-4B5D-4549-B473-E234011B6719}.Debug|Win32.Build.0 = Debug|Win32
		{BC7E19F4-4B5D-4549-B473-E234011B6719}.Release|Win32.ActiveCfg = Release|Win32
		{BC7E19F4-4B5D-4549-B473-E234011B6719}.Release|Win32.Build.0 = Release|Win32
		{C9AF3D1F-44A3-413A-B137-264C6D559CED}.Debug|Win32.ActiveCfg = Debug|Win32
		{C9AF3D1F-44A3-413A-B137-264C6D559CED}.Debug|Win32.Build.0 = Debug|Win32
		{C9AF3D1F-44A3-413A-B137-264C6D559CED}.Release|Win32.ActiveCfg = Release|Win32
		{C9AF3D1F-44A3-413A-B137-264C6D559CED}.Release|Win32.Build.0 = Release|Win32
		{2EF34790-42A6-4722-925A-8255120A90E3}.Debug|Win32.ActiveCfg = Debug|Win32
		{2EF34790-42A6-4722-925A-8255120A90E3}.Debug|Win32.Build.0 = Debug|Win32
		{2EF34790-42A6-4722-925A-8255120A90E3}.Release|Win32.ActiveCfg = Release|Win32
		{2EF34790-42A6-4722-925A-8255120A90E3}.Release|Win32.Build.0 = Release|Win32
		{86B4ED07-3D95-45C3-B387-512046E95C68}.Debug|Win32.ActiveCfg = Debug|Win32
		{86B4ED07-3D95-45C3-B387-512046E95C68}.Debug|Win32.Build.0 = Debug|Win32
		{86B4ED07-3D95-45C3-B387-512046E95C68}.Release|Win32.ActiveCfg = Release|Win32
		{86B4ED07-3D95-45C3-B387-512046E95C68}.Release|Win32.Build.0 = Release|Win32
		{1BB416AA-358A-4B4B-B565-14CE1BF9D4FD}.Debug|Win32.ActiveCfg = Debug|Win32
		{1BB416AA-358A-4B4B-B565-14CE1BF9D4FD}.Debug|Win32.Build.0 = Debug|Win32
		{1BB416AA-358A-4B4B-B565-14CE1BF9D4FD}.Release|Win32.ActiveCfg = Release|Win32
		{1BB416AA-358A-4B4B-B565-14CE1BF9D4FD}.Release|Win32.Build.0 = Release|Win32
		{4C359709-9A70-4ED8-9071-8BCF1BCD83E7}.Debug|Win32.ActiveCfg = Debug|Win32
		{4C359709-9A70-4ED8-9071-8BCF1BCD83E7}.Debug|Win32.Build.0 = Debug|Win32
		{4C359709-9A70-4ED8-9071-8BCF1BCD83E7}.Release|Win32.ActiveCfg = Release|Win32
		{4C359709-9A70-4ED8-9071-8BCF1BCD83E7}.Release|Win32.Build.0 = Release|Win32
		{AB50ACAA-ADE7-4554-B56B-68991C41D29A}.Debug|Win32.ActiveCfg = Debug|Win32
		{AB50ACAA-ADE7-4554-B56B-68991C41D29A}.Debug|Win32.Build.0 = Debug|Win32
		{AB50ACAA-ADE7-4554-B56B-68991C41D29A}.Release|Win32.ActiveCfg = Release|Win32
		{AB50ACAA-ADE7-4554-B56B-68991C41D29A}.Release|Win32.Build.0 = Release|Win32
		{724B4906-44BE-49FB-B1C8-E02AAAC0780C}.Debug|Win32.ActiveCfg = Debug|Win32
		{724B4906-44BE-49FB-B1C8-E02AAAC0780C}.Debug|Win32.Build.0 = Debug|Win32
		{724B4906-44BE-49FB-B1C8-E02AAAC0780C}.Release|Win32.ActiveCfg = Release|Win32
		{724B4906-44BE-49FB-B1C8-E02AAAC0780C}.Release|Win32.Build.0 = Release|Win32
		{C7167FBD-F166-4DEA-B50B-9F25E28B75F6}.Debug|Win32.ActiveCfg = Debug|Win32
		{C7167FBD-F166-4DEA-B50B-9F25E28B75F6}.Debug|Win32.Build.0 = Debug|Win32
		{C7167FBD-F166-4DEA-B50B-9F25E28B75F6}.Release|Win32.ActiveCfg = Release|Win32
		{C7167FBD-F166-4DEA-B50B-9F25E28B75F6}.Release|Win32.Build.0 = Release|Win32
		{6FDA6A78-A473-4FEB-86A5-96D1CC65D5B9}.Debug|Win32.ActiveCfg = Debug|Win32
		{6FDA6A78-A473-4FEB-86A5-96D1CC65D5B9}.Debug|Win32.Build.0 = Debug|Win32
		{6FDA6A78-A473-4FEB-86A5-96D1CC65D5B9}.Release|Win32.ActiveCfg = Release|Win32
		{6FDA6A78-A473-4FEB-86A5-96D1CC65D5B9}.Release|Win32.Build.0 = Release|Win32
		{A2404F4B-2FB1-41B1-AAA6-6FD10921A791}.Debug|Win32.ActiveCfg = Debug|Win32
		{A2404F4B-2FB1-41B1-AAA6-6FD10921A791}.Debug|Win32.Build.0 = Debug|Win32
		{A2404F4B-2FB1-41B1-AAA6-6FD10921A791}.Release|Win32.ActiveCfg = Release|Win32
		{A2404F4B-2FB1-41B1-AAA6-6FD10921A791}.Release|Win32.Build.0 = Release|Win32
		{59670412-2E76-4AE7-9923-3BE8D44323EE}.Debug|Win32.ActiveCfg = Debug|Win32
		{59670412-2E76-4AE7-9923-3BE8D44323EE}.Debug|Win32.Build.0 = Debug|Win32
		{59670412-2E76-4AE7-9923-3BE8D44323EE}.Release|Win32.ActiveCfg = Release|Win32
		{59670412-2E76-4AE7-9923-3BE8D44323EE}.Release|Win32.Build.0 = Release|Win32
		{E726B7BD-CB22-4CA5-AB6A-124FDDA6C4AC}.Debug|Win32.ActiveCfg = Debug|Win32
		{E726B7BD-CB22-4CA5-AB6A-124FDDA6C4AC}.Debug|Win32.Build.0 = Debug|Win32
		{E726B7BD-CB22-4CA5-AB6A-124FDDA6C4AC}.Release|Win32.ActiveCfg = Release|Win32
		{E726B7BD-CB22-4CA5-AB6A-124FDDA6C4AC}.Release|Win32.Build.0 = Release|Win32
		{5C668293-B752-499A-98C1-5042CACA1897}.Debug|Win32.ActiveCfg = Debug|Win32
		{5C668293-B752-499A-98C1-5042CACA1897}.Debug|Win32.Build.0 = Debug|Win32
		{5C668293-B752-499A-98C1-5042CACA1897}.Release|Win32.ActiveCfg = Release|Win32
		{5C668293-B752-499A-98C1-5042CACA1897}.Release|Win32.Build.0 = Release|Win32
		{35134523-6D5B-4AFA-BFB4-4D57C42C2169}.Debug|Win32.ActiveCfg = Debug|Win32
		{35134523-6D5B-4AFA-BFB4-4D57C42C2169}.Debug|Win32.Build.0 = Debug|Win32
		{35134523-6D5B-4AFA-BFB4-4D57C42C2169}.Release|Win32.ActiveCfg = Release|Win32
		{35134523-6D5B-4AFA-BFB4-4D57C42C2169}.Release|Win32.Build.0 = Release|Win32
		{FBD73586-AD33-4191-A604-68AE21278729}.Debug|Win32.ActiveCfg = Debug|Win32
		{FBD73586-AD33-4191-A604-68AE21278729}.Debug|Win32.Build.0 = Debug|Win32
		{FBD73586-AD33-4191-A604-68AE21278729}.Release|Win32.ActiveCfg = Release|Win32
		{FBD73586-AD33-4191-A604-68AE21278729}.Release|Win32.Build.0 = Release|Win32
	EndGlobalSection
	GlobalSection(SolutionProperties) = preSolution
		HideSolutionNode = FALSE
	EndGlobalSection
EndGlobal
