<?xml version="1.0" encoding="UTF-8" standalone="yes" ?>
<CodeBlocks_project_file>
	<FileVersion major="1" minor="6" />
	<Project>
		<Option title="Demo_Compositor" />
		<Option platforms="Unix;" />
		<Option compiler="gcc" />
		<Build>
			<Target title="Debug">
				<Option platforms="Unix;" />
				<Option output="../../Common/bin/Debug/Demo_Compositor" prefix_auto="0" extension_auto="0" />
				<Option working_dir="../../Common/bin/Debug/" />
				<Option object_output="../obj/Debug" />
				<Option external_deps="../../../lib/libOgreMain_d.so;" />
				<Option type="0" />
				<Option compiler="gcc" />
				<Option projectResourceIncludeDirsRelation="1" />
				<Compiler>
					<Add option="-g" />
					<Add option="-DDEBUG" />
				</Compiler>
				<Linker>
					<Add library="OgreMain_d" />
					<Add library="OgreGUIRenderer_d" />
					<Add library="CEGUIBase" />
					<Add library="OIS" />
				</Linker>
			</Target>
			<Target title="Release">
				<Option platforms="Unix;" />
				<Option output="../../Common/bin/Release/Demo_Compositor" prefix_auto="0" extension_auto="0" />
				<Option working_dir="../../Common/bin/Release/" />
				<Option object_output="../obj/Release" />
				<Option external_deps="../../../lib/libOgreMain.so;" />
				<Option type="0" />
				<Option compiler="gcc" />
				<Option projectResourceIncludeDirsRelation="1" />
				<Compiler>
					<Add option="-O3" />
					<Add option="-DNDEBUG" />
				</Compiler>
				<Linker>
					<Add option="-s" />
					<Add library="OgreMain" />
					<Add library="OgreGUIRenderer" />
					<Add library="CEGUIBase" />
					<Add library="OIS" />
				</Linker>
			</Target>
		</Build>
		<VirtualTargets>
			<Add alias="All" targets="Debug;Release;" />
		</VirtualTargets>
		<Compiler>
			<Add option="-Wall" />
			<Add option="-fmessage-length=0" />
			<Add option="-fexceptions" />
			<Add option="-fident" />
			<Add option="-pipe" />
			<Add option="-DHAVE_CONFIG_H" />
			<Add directory="../include" />
			<Add directory="../../Common/include" />
			<Add directory="../../../OgreMain/include" />
			<Add directory="$(#CEGUI)" />
			<Add directory="../../Common/CEGUIRenderer/include" />
		</Compiler>
		<Linker>
			<Add directory="../../Common/bin/$(TARGET_NAME)" />
			<Add directory="/usr/local/lib" />
		</Linker>
		<Unit filename="../include/Compositor.h" />
		<Unit filename="../include/CompositorDemo_FrameListener.h" />
		<Unit filename="../include/ItemSelectorViewManager.h" />
		<Unit filename="../src/Compositor.cpp" />
		<Unit filename="../src/CompositorDemo_FrameListener.cpp" />
		<Unit filename="../src/ItemSelectorViewManager.cpp" />
		<Extensions>
			<code_completion />
			<envvars />
			<debugger />
		</Extensions>
	</Project>
</CodeBlocks_project_file>
