<?xml version="1.0" encoding="UTF-8" standalone="yes" ?>
<CodeBlocks_project_file>
	<FileVersion major="1" minor="6" />
	<Project>
		<Option title="Plugin_BSPSceneManager" />
		<Option platforms="Unix;" />
		<Option compiler="gcc" />
		<Build>
			<Target title="Debug">
				<Option platforms="Unix;" />
				<Option output="../../../lib/Plugin_BSPSceneManager_d.so" prefix_auto="0" extension_auto="0" />
				<Option object_output="../obj/Debug" />
				<Option external_deps="../../../lib/libOgreMain_d.so;" />
				<Option type="3" />
				<Option compiler="gcc" />
				<Option projectResourceIncludeDirsRelation="0" />
				<Compiler>
					<Add option="-g" />
					<Add option="-DDEBUG" />
				</Compiler>
				<Linker>
					<Add library="OgreMain_d" />
				</Linker>
				<ExtraCommands>
					<Add after="cp $($(TARGET_NAME)_OUTPUT_FILE) ../../../Samples/Common/bin/$(TARGET_NAME)" />
				</ExtraCommands>
			</Target>
			<Target title="Release">
				<Option platforms="Unix;" />
				<Option output="../../../lib/Plugin_BSPSceneManager.so" prefix_auto="0" extension_auto="0" />
				<Option object_output="../obj/Release" />
				<Option external_deps="../../../lib/libOgreMain.so;" />
				<Option type="3" />
				<Option compiler="gcc" />
				<Option projectResourceIncludeDirsRelation="0" />
				<Compiler>
					<Add option="-O2" />
					<Add option="-DNDEBUG" />
				</Compiler>
				<Linker>
					<Add option="-s" />
					<Add library="OgreMain" />
				</Linker>
				<ExtraCommands>
					<Add after="cp $($(TARGET_NAME)_OUTPUT_FILE) ../../../Samples/Common/bin/$(TARGET_NAME)" />
				</ExtraCommands>
			</Target>
		</Build>
		<VirtualTargets>
			<Add alias="All" targets="Debug;Release;" />
		</VirtualTargets>
		<Compiler>
			<Add option="-Wall" />
			<Add option="-fmessage-length=0" />
			<Add option="-fexceptions" />
			<Add option="-fident" />
			<Add option="-pipe" />
			<Add option="-fvisibility=hidden" />
			<Add option="-fvisibility-inlines-hidden" />
			<Add option="-fPIC" />
			<Add option="-DOGRE_BSPPLUGIN_EXPORTS" />
			<Add option="-DPIC" />
			<Add option="-DOGRE_GCC_VISIBILITY" />
			<Add option="-DHAVE_CONFIG_H" />
			<Add directory="../include" />
			<Add directory="../../../OgreMain/include" />
		</Compiler>
		<Linker>
			<Add directory="../../../Samples/Common/bin/$(TARGET_NAME)" />
		</Linker>
		<Unit filename="../include/OgreBspLevel.h" />
		<Unit filename="../include/OgreBspNode.h" />
		<Unit filename="../include/OgreBspPrerequisites.h" />
		<Unit filename="../include/OgreBspResourceManager.h" />
		<Unit filename="../include/OgreBspSceneManager.h" />
		<Unit filename="../include/OgreBspSceneManagerPlugin.h" />
		<Unit filename="../include/OgreBspSceneNode.h" />
		<Unit filename="../include/OgreQuake3Level.h" />
		<Unit filename="../include/OgreQuake3Shader.h" />
		<Unit filename="../include/OgreQuake3ShaderManager.h" />
		<Unit filename="../include/OgreQuake3Types.h" />
		<Unit filename="../src/OgreBspLevel.cpp" />
		<Unit filename="../src/OgreBspNode.cpp" />
		<Unit filename="../src/OgreBspResourceManager.cpp" />
		<Unit filename="../src/OgreBspSceneManager.cpp" />
		<Unit filename="../src/OgreBspSceneManagerDll.cpp" />
		<Unit filename="../src/OgreBspSceneManagerPlugin.cpp" />
		<Unit filename="../src/OgreBspSceneNode.cpp" />
		<Unit filename="../src/OgreQuake3Level.cpp" />
		<Unit filename="../src/OgreQuake3Shader.cpp" />
		<Unit filename="../src/OgreQuake3ShaderManager.cpp" />
		<Extensions>
			<code_completion />
		</Extensions>
	</Project>
</CodeBlocks_project_file>
