<?xml version="1.0" encoding="UTF-8" standalone="yes" ?>
<CodeBlocks_project_file>
	<FileVersion major="1" minor="6" />
	<Project>
		<Option title="RenderSystem_GL" />
		<Option compiler="gcc" />
		<Build>
			<Target title="Debug">
				<Option output="..\..\..\lib\RenderSystem_GL_d.dll" prefix_auto="0" extension_auto="0" />
				<Option object_output="..\obj\Debug" />
				<Option external_deps="..\..\..\lib\OgreMain_d.dll;" />
				<Option type="3" />
				<Option compiler="gcc" />
				<Option projectResourceIncludeDirsRelation="0" />
				<Compiler>
					<Add option="-g" />
					<Add option="-D_DEBUG" />
				</Compiler>
				<Linker>
					<Add library="OgreMain_d" />
					<Add library="OPENGL32" />
					<Add library="GLU32" />
					<Add library="GDI32" />
				</Linker>
				<ExtraCommands>
					<Add after="cmd /c copy $($(TARGET_NAME)_OUTPUT_FILE) ..\..\..\Samples\Common\bin\$(TARGET_NAME)" />
				</ExtraCommands>
			</Target>
			<Target title="Release">
				<Option output="..\..\..\lib\RenderSystem_GL.dll" prefix_auto="0" extension_auto="0" />
				<Option object_output="..\obj\Release" />
				<Option external_deps="..\..\..\lib\OgreMain.dll;" />
				<Option type="3" />
				<Option compiler="gcc" />
				<Option projectResourceIncludeDirsRelation="0" />
				<Compiler>
					<Add option="-O2" />
					<Add option="-DNDEBUG" />
				</Compiler>
				<Linker>
					<Add option="-s" />
					<Add library="OgreMain" />
					<Add library="OPENGL32" />
					<Add library="GLU32" />
					<Add library="GDI32" />
				</Linker>
				<ExtraCommands>
					<Add after="cmd /c copy $($(TARGET_NAME)_OUTPUT_FILE) ..\..\..\Samples\Common\bin\$(TARGET_NAME)" />
				</ExtraCommands>
			</Target>
		</Build>
		<VirtualTargets>
			<Add alias="All" targets="Debug;Release;" />
		</VirtualTargets>
		<Compiler>
			<Add option="-Wall" />
			<Add option="-mthreads" />
			<Add option="-fmessage-length=0" />
			<Add option="-fexceptions" />
			<Add option="-fident" />
			<Add option="-pipe" />
			<Add option="-DWIN32" />
			<Add option="-D_WINDOWS" />
			<Add option="-D_USRDLL" />
			<Add option="-DOGRE_GL_USE_MULTITEXTURING" />
			<Add option="-DOGRE_GLPLUGIN_EXPORTS" />
			<Add directory="..\include" />
			<Add directory="..\src\win32" />
			<Add directory="..\..\..\OgreMain\include" />
			<Add directory="..\..\..\Dependencies\include" />
			<Add directory="..\src\nvparse" />
			<Add directory="..\src\nvparse\winheaders" />
			<Add directory="..\src\atifs\include" />
			<Add directory="..\src\glsl\include" />
		</Compiler>
		<Linker>
			<Add option="-Wl,--enable-auto-image-base" />
			<Add option="-Wl,--add-stdcall-alias" />
			<Add directory="..\..\..\Samples\Common\bin\$(TARGET_NAME)" />
		</Linker>
		<Unit filename="..\..\..\Dependencies\include\GL\gl.h" />
		<Unit filename="..\..\..\Dependencies\include\GL\glext.h" />
		<Unit filename="..\..\..\Dependencies\include\GL\glxext.h" />
		<Unit filename="..\include\GL\glew.h" />
		<Unit filename="..\include\GL\wglew.h" />
		<Unit filename="..\include\OgreGLContext.h" />
		<Unit filename="..\include\OgreGLDefaultHardwareBufferManager.h" />
		<Unit filename="..\include\OgreGLFBOMultiRenderTarget.h" />
		<Unit filename="..\include\OgreGLFBORenderTexture.h" />
		<Unit filename="..\include\OgreGLFrameBufferObject.h" />
		<Unit filename="..\include\OgreGLGpuNvparseProgram.h" />
		<Unit filename="..\include\OgreGLGpuProgram.h" />
		<Unit filename="..\include\OgreGLGpuProgramManager.h" />
		<Unit filename="..\include\OgreGLHardwareBufferManager.h" />
		<Unit filename="..\include\OgreGLHardwareIndexBuffer.h" />
		<Unit filename="..\include\OgreGLHardwareOcclusionQuery.h" />
		<Unit filename="..\include\OgreGLHardwarePixelBuffer.h" />
		<Unit filename="..\include\OgreGLHardwareVertexBuffer.h" />
		<Unit filename="..\include\OgreGLPBRenderTexture.h" />
		<Unit filename="..\include\OgreGLPBuffer.h" />
		<Unit filename="..\include\OgreGLPixelFormat.h" />
		<Unit filename="..\include\OgreGLPlugin.h" />
		<Unit filename="..\include\OgreGLPrerequisites.h" />
		<Unit filename="..\include\OgreGLRenderSystem.h" />
		<Unit filename="..\include\OgreGLRenderToVertexBuffer.h" />
		<Unit filename="..\include\OgreGLRenderTexture.h" />
		<Unit filename="..\include\OgreGLSupport.h" />
		<Unit filename="..\include\OgreGLTexture.h" />
		<Unit filename="..\include\OgreGLTextureManager.h" />
		<Unit filename="..\include\OgreSDLGLSupport.h" />
		<Unit filename="..\include\OgreSDLPrerequisites.h" />
		<Unit filename="..\include\OgreSDLWindow.h" />
		<Unit filename="..\include\OgreWin32Context.h" />
		<Unit filename="..\include\OgreWin32GLSupport.h" />
		<Unit filename="..\include\OgreWin32Prerequisites.h" />
		<Unit filename="..\include\OgreWin32RenderTexture.h" />
		<Unit filename="..\include\OgreWin32Window.h" />
		<Unit filename="..\misc\OgreGLEngine.def" />
		<Unit filename="..\src\GLSL\include\OgreGLSLExtSupport.h" />
		<Unit filename="..\src\GLSL\include\OgreGLSLGpuProgram.h" />
		<Unit filename="..\src\GLSL\include\OgreGLSLLinkProgram.h" />
		<Unit filename="..\src\GLSL\include\OgreGLSLLinkProgramManager.h" />
		<Unit filename="..\src\GLSL\include\OgreGLSLProgram.h" />
		<Unit filename="..\src\GLSL\include\OgreGLSLProgramFactory.h" />
		<Unit filename="..\src\GLSL\include\OgreGLSLPreprocessor.h" />
		<Unit filename="..\src\GLSL\src\OgreGLSLExtSupport.cpp" />
		<Unit filename="..\src\GLSL\src\OgreGLSLGpuProgram.cpp" />
		<Unit filename="..\src\GLSL\src\OgreGLSLLinkProgram.cpp" />
		<Unit filename="..\src\GLSL\src\OgreGLSLLinkProgramManager.cpp" />
		<Unit filename="..\src\GLSL\src\OgreGLSLProgram.cpp" />
		<Unit filename="..\src\GLSL\src\OgreGLSLProgramFactory.cpp" />
		<Unit filename="..\src\GLSL\src\OgreGLSLPreprocessor.cpp" />
		<Unit filename="..\src\OgreGLATIFSInit.cpp" />
		<Unit filename="..\src\OgreGLContext.cpp" />
		<Unit filename="..\src\OgreGLDefaultHardwareBufferManager.cpp" />
		<Unit filename="..\src\OgreGLEngineDll.cpp" />
		<Unit filename="..\src\OgreGLFBOMultiRenderTarget.cpp" />
		<Unit filename="..\src\OgreGLFBORenderTexture.cpp" />
		<Unit filename="..\src\OgreGLFrameBufferObject.cpp" />
		<Unit filename="..\src\OgreGLGpuNvparseProgram.cpp" />
		<Unit filename="..\src\OgreGLGpuProgram.cpp" />
		<Unit filename="..\src\OgreGLGpuProgramManager.cpp" />
		<Unit filename="..\src\OgreGLHardwareBufferManager.cpp" />
		<Unit filename="..\src\OgreGLHardwareIndexBuffer.cpp" />
		<Unit filename="..\src\OgreGLHardwareOcclusionQuery.cpp" />
		<Unit filename="..\src\OgreGLHardwarePixelBuffer.cpp" />
		<Unit filename="..\src\OgreGLHardwareVertexBuffer.cpp" />
		<Unit filename="..\src\OgreGLPBRenderTexture.cpp" />
		<Unit filename="..\src\OgreGLPixelFormat.cpp" />
		<Unit filename="..\src\OgreGLPlugin.cpp" />
		<Unit filename="..\src\OgreGLRenderSystem.cpp" />
		<Unit filename="..\src\OgreGLRenderTexture.cpp" />
		<Unit filename="..\src\OgreGLRenderToVertexBuffer.cpp" />
		<Unit filename="..\src\OgreGLSupport.cpp" />
		<Unit filename="..\src\OgreGLTexture.cpp" />
		<Unit filename="..\src\OgreGLTextureManager.cpp" />
		<Unit filename="..\src\OgreWin32GLSupport.cpp" />
		<Unit filename="..\src\OgreWin32RenderTexture.cpp" />
		<Unit filename="..\src\OgreWin32Window.cpp" />
		<Unit filename="..\src\atifs\include\ATI_FS_GLGpuProgram.h" />
		<Unit filename="..\src\atifs\include\Compiler2Pass.h" />
		<Unit filename="..\src\atifs\include\ps_1_4.h" />
		<Unit filename="..\src\atifs\src\ATI_FS_GLGpuProgram.cpp" />
		<Unit filename="..\src\atifs\src\Compiler2Pass.cpp" />
		<Unit filename="..\src\atifs\src\ps_1_4.cpp" />
		<Unit filename="..\src\glew.cpp" />
		<Unit filename="..\src\nvparse\_ps1.0_lexer.cpp" />
		<Unit filename="..\src\nvparse\_ps1.0_parser.cpp" />
		<Unit filename="..\src\nvparse\_ps1.0_parser.h" />
		<Unit filename="..\src\nvparse\_rc1.0_lexer.cpp" />
		<Unit filename="..\src\nvparse\_rc1.0_parser.cpp" />
		<Unit filename="..\src\nvparse\_rc1.0_parser.h" />
		<Unit filename="..\src\nvparse\_ts1.0_lexer.cpp" />
		<Unit filename="..\src\nvparse\_ts1.0_parser.cpp" />
		<Unit filename="..\src\nvparse\_ts1.0_parser.h" />
		<Unit filename="..\src\nvparse\_vs1.0_lexer.cpp" />
		<Unit filename="..\src\nvparse\_vs1.0_parser.cpp" />
		<Unit filename="..\src\nvparse\_vs1.0_parser.h" />
		<Unit filename="..\src\nvparse\avp1.0_impl.cpp" />
		<Unit filename="..\src\nvparse\macro.h" />
		<Unit filename="..\src\nvparse\nvparse.cpp" />
		<Unit filename="..\src\nvparse\nvparse.h" />
		<Unit filename="..\src\nvparse\nvparse_errors.cpp" />
		<Unit filename="..\src\nvparse\nvparse_errors.h" />
		<Unit filename="..\src\nvparse\nvparse_externs.h" />
		<Unit filename="..\src\nvparse\ps1.0_program.cpp" />
		<Unit filename="..\src\nvparse\ps1.0_program.h" />
		<Unit filename="..\src\nvparse\rc1.0_combiners.cpp" />
		<Unit filename="..\src\nvparse\rc1.0_combiners.h" />
		<Unit filename="..\src\nvparse\rc1.0_final.cpp" />
		<Unit filename="..\src\nvparse\rc1.0_final.h" />
		<Unit filename="..\src\nvparse\rc1.0_general.cpp" />
		<Unit filename="..\src\nvparse\rc1.0_general.h" />
		<Unit filename="..\src\nvparse\rc1.0_register.h" />
		<Unit filename="..\src\nvparse\ts1.0_inst.cpp" />
		<Unit filename="..\src\nvparse\ts1.0_inst.h" />
		<Unit filename="..\src\nvparse\ts1.0_inst_list.cpp" />
		<Unit filename="..\src\nvparse\ts1.0_inst_list.h" />
		<Unit filename="..\src\nvparse\vcp1.0_impl.cpp" />
		<Unit filename="..\src\nvparse\vp1.0_impl.cpp" />
		<Unit filename="..\src\nvparse\vs1.0_inst.cpp" />
		<Unit filename="..\src\nvparse\vs1.0_inst.h" />
		<Unit filename="..\src\nvparse\vs1.0_inst_list.cpp" />
		<Unit filename="..\src\nvparse\vs1.0_inst_list.h" />
		<Unit filename="..\src\nvparse\vsp1.0_impl.cpp" />
		<Unit filename="..\src\nvparse\winheaders\unistd.h" />
		<Unit filename="..\src\win32\OgreWin32Context.cpp" />
		<Extensions>
			<code_completion />
		</Extensions>
	</Project>
</CodeBlocks_project_file>
